
Microsoft Visual Studio Solution File, Format Version 12.00
# Visual Studio Version 17
VisualStudioVersion = 17.8.34525.116
MinimumVisualStudioVersion = 10.0.40219.1
Project("{FAE04EC0-301F-11D3-BF4B-00C04F79EFBC}") = "Main", "Main.csproj", "{5B40152A-F2CB-472E-8ABD-5EB4ED7F146B}"
EndProject
Global
	GlobalSection(SolutionConfigurationPlatforms) = preSolution
		Debug|Any CPU = Debug|Any CPU
		Release|Any CPU = Release|Any CPU
	EndGlobalSection
	GlobalSection(ProjectConfigurationPlatforms) = postSolution
		{5B40152A-F2CB-472E-8ABD-5EB4ED7F146B}.Debug|Any CPU.ActiveCfg = Release|Any CPU
		{5B40152A-F2CB-472E-8ABD-5EB4ED7F146B}.Debug|Any CPU.Build.0 = Release|Any CPU
		{5B40152A-F2CB-472E-8ABD-5EB4ED7F146B}.Release|Any CPU.ActiveCfg = Release|Any CPU
		{5B40152A-F2CB-472E-8ABD-5EB4ED7F146B}.Release|Any CPU.Build.0 = Release|Any CPU
	EndGlobalSection
	GlobalSection(SolutionProperties) = preSolution
		HideSolutionNode = FALSE
	EndGlobalSection
	GlobalSection(ExtensibilityGlobals) = postSolution
		SolutionGuid = {BD5D93FA-BD7B-497B-9704-E0D2B1874FC7}
	EndGlobalSection
EndGlobal
